
Microsoft Visual Studio Solution File, Format Version 12.00
# Visual Studio Version 16
VisualStudioVersion = 16.0.32002.261
MinimumVisualStudioVersion = 10.0.40219.1
Project("{FAE04EC0-301F-11D3-BF4B-00C04F79EFBC}") = "finall", "finall\finall.csproj", "{7FBD0B08-377F-44FD-BA9A-9132D4D846B6}"
EndProject
Global
	GlobalSection(SolutionConfigurationPlatforms) = preSolution
		Debug|Any CPU = Debug|Any CPU
		Release|Any CPU = Release|Any CPU
	EndGlobalSection
	GlobalSection(ProjectConfigurationPlatforms) = postSolution
		{7FBD0B08-377F-44FD-BA9A-9132D4D846B6}.Debug|Any CPU.ActiveCfg = Debug|Any CPU
		{7FBD0B08-377F-44FD-BA9A-9132D4D846B6}.Debug|Any CPU.Build.0 = Debug|Any CPU
		{7FBD0B08-377F-44FD-BA9A-9132D4D846B6}.Release|Any CPU.ActiveCfg = Release|Any CPU
		{7FBD0B08-377F-44FD-BA9A-9132D4D846B6}.Release|Any CPU.Build.0 = Release|Any CPU
	EndGlobalSection
	GlobalSection(SolutionProperties) = preSolution
		HideSolutionNode = FALSE
	EndGlobalSection
	GlobalSection(ExtensibilityGlobals) = postSolution
		SolutionGuid = {655F102B-26F4-4538-A951-4C4F170970AA}
	EndGlobalSection
EndGlobal
